
Microsoft Visual Studio Solution File, Format Version 12.00
# Visual Studio Version 16
VisualStudioVersion = 16.0.30204.135
MinimumVisualStudioVersion = 10.0.40219.1
Project("{FAE04EC0-301F-11D3-BF4B-00C04F79EFBC}") = "IdentityDemo", "IdentityDemo\IdentityDemo.csproj", "{853B5EC9-291B-4D2B-AE18-5F3B5C7ABAF4}"
EndProject
Project("{FAE04EC0-301F-11D3-BF4B-00C04F79EFBC}") = "Identity.Data", "Identity.Data\Identity.Data.csproj", "{C62BE1E3-5B4E-4C78-8B39-2874266FE0C1}"
EndProject
Project("{FAE04EC0-301F-11D3-BF4B-00C04F79EFBC}") = "Demo.Data", "Demo.Data\Demo.Data.csproj", "{FB8C17AA-0DB5-4B1F-9FB6-86C9FC2202DE}"
EndProject
Global
	GlobalSection(SolutionConfigurationPlatforms) = preSolution
		Debug|Any CPU = Debug|Any CPU
		Release|Any CPU = Release|Any CPU
	EndGlobalSection
	GlobalSection(ProjectConfigurationPlatforms) = postSolution
		{853B5EC9-291B-4D2B-AE18-5F3B5C7ABAF4}.Debug|Any CPU.ActiveCfg = Debug|Any CPU
		{853B5EC9-291B-4D2B-AE18-5F3B5C7ABAF4}.Debug|Any CPU.Build.0 = Debug|Any CPU
		{853B5EC9-291B-4D2B-AE18-5F3B5C7ABAF4}.Release|Any CPU.ActiveCfg = Release|Any CPU
		{853B5EC9-291B-4D2B-AE18-5F3B5C7ABAF4}.Release|Any CPU.Build.0 = Release|Any CPU
		{C62BE1E3-5B4E-4C78-8B39-2874266FE0C1}.Debug|Any CPU.ActiveCfg = Debug|Any CPU
		{C62BE1E3-5B4E-4C78-8B39-2874266FE0C1}.Debug|Any CPU.Build.0 = Debug|Any CPU
		{C62BE1E3-5B4E-4C78-8B39-2874266FE0C1}.Release|Any CPU.ActiveCfg = Release|Any CPU
		{C62BE1E3-5B4E-4C78-8B39-2874266FE0C1}.Release|Any CPU.Build.0 = Release|Any CPU
		{FB8C17AA-0DB5-4B1F-9FB6-86C9FC2202DE}.Debug|Any CPU.ActiveCfg = Debug|Any CPU
		{FB8C17AA-0DB5-4B1F-9FB6-86C9FC2202DE}.Debug|Any CPU.Build.0 = Debug|Any CPU
		{FB8C17AA-0DB5-4B1F-9FB6-86C9FC2202DE}.Release|Any CPU.ActiveCfg = Release|Any CPU
		{FB8C17AA-0DB5-4B1F-9FB6-86C9FC2202DE}.Release|Any CPU.Build.0 = Release|Any CPU
	EndGlobalSection
	GlobalSection(SolutionProperties) = preSolution
		HideSolutionNode = FALSE
	EndGlobalSection
	GlobalSection(ExtensibilityGlobals) = postSolution
		SolutionGuid = {30046BEE-66F7-4542-B4AE-2C38EB5C3A17}
	EndGlobalSection
EndGlobal
